
Microsoft Visual Studio Solution File, Format Version 12.00
# Visual Studio Version 16
VisualStudioVersion = 16.0.33027.164
MinimumVisualStudioVersion = 10.0.40219.1
Project("{FAE04EC0-301F-11D3-BF4B-00C04F79EFBC}") = "Skill_mine _project", "Skill_mine _project.csproj", "{46B496CF-8A07-4DB3-B1B8-527C76FCB5F4}"
EndProject
Global
	GlobalSection(SolutionConfigurationPlatforms) = preSolution
		Debug|Any CPU = Debug|Any CPU
		Release|Any CPU = Release|Any CPU
	EndGlobalSection
	GlobalSection(ProjectConfigurationPlatforms) = postSolution
		{46B496CF-8A07-4DB3-B1B8-527C76FCB5F4}.Debug|Any CPU.ActiveCfg = Debug|Any CPU
		{46B496CF-8A07-4DB3-B1B8-527C76FCB5F4}.Debug|Any CPU.Build.0 = Debug|Any CPU
		{46B496CF-8A07-4DB3-B1B8-527C76FCB5F4}.Release|Any CPU.ActiveCfg = Release|Any CPU
		{46B496CF-8A07-4DB3-B1B8-527C76FCB5F4}.Release|Any CPU.Build.0 = Release|Any CPU
	EndGlobalSection
	GlobalSection(SolutionProperties) = preSolution
		HideSolutionNode = FALSE
	EndGlobalSection
	GlobalSection(ExtensibilityGlobals) = postSolution
		SolutionGuid = {544B9866-B868-473A-881A-81E2CE069E18}
	EndGlobalSection
EndGlobal
